// !$*UTF8*$!
{
	archiveVersion = 1;
	classes = {
	};
	objectVersion = 46;
	objects = {

/* Begin PBXBuildFile section */
		DE2E16901B93E44A00AC20FC /* main.cpp in Sources */ = {isa = PBXBuildFile; fileRef = DE2E168F1B93E44A00AC20FC /* main.cpp */; };
		DE2E16981B93E47400AC20FC /* student.cpp in Sources */ = {isa = PBXBuildFile; fileRef = DE2E16961B93E47400AC20FC /* student.cpp */; };
/* End PBXBuildFile section */

/* Begin PBXCopyFilesBuildPhase section */
		DE2E168A1B93E44A00AC20FC /* CopyFiles */ = {
			isa = PBXCopyFilesBuildPhase;
			buildActionMask = 2147483647;
			dstPath = /usr/share/man/man1/;
			dstSubfolderSpec = 0;
			files = (
			);
			runOnlyForDeploymentPostprocessing = 1;
		};
/* End PBXCopyFilesBuildPhase section */

/* Begin PBXFileReference section */
		DE2E168C1B93E44A00AC20FC /* student */ = {isa = PBXFileReference; explicitFileType = "compiled.mach-o.executable"; includeInIndex = 0; path = student; sourceTree = BUILT_PRODUCTS_DIR; };
		DE2E168F1B93E44A00AC20FC /* main.cpp */ = {isa = PBXFileReference; lastKnownFileType = sourcecode.cpp.cpp; path = main.cpp; sourceTree = "<group>"; };
		DE2E16961B93E47400AC20FC /* student.cpp */ = {isa = PBXFileReference; fileEncoding = 4; lastKnownFileType = sourcecode.cpp.cpp; path = student.cpp; sourceTree = "<group>"; };
		DE2E16971B93E47400AC20FC /* student.h */ = {isa = PBXFileReference; fileEncoding = 4; lastKnownFileType = sourcecode.c.h; path = student.h; sourceTree = "<group>"; };
/* End PBXFileReference section */

/* Begin PBXFrameworksBuildPhase section */
		DE2E16891B93E44A00AC20FC /* Frameworks */ = {
			isa = PBXFrameworksBuildPhase;
			buildActionMask = 2147483647;
			files = (
			);
			runOnlyForDeploymentPostprocessing = 0;
		};
/* End PBXFrameworksBuildPhase section */

/* Begin PBXGroup section */
		DE2E16831B93E44A00AC20FC = {
			isa = PBXGroup;
			children = (
				DE2E168E1B93E44A00AC20FC /* student */,
				DE2E168D1B93E44A00AC20FC /* Products */,
			);
			sourceTree = "<group>";
		};
		DE2E168D1B93E44A00AC20FC /* Products */ = {
			isa = PBXGroup;
			children = (
				DE2E168C1B93E44A00AC20FC /* student */,
			);
			name = Products;
			sourceTree = "<group>";
		};
		DE2E168E1B93E44A00AC20FC /* student */ = {
			isa = PBXGroup;
			children = (
				DE2E168F1B93E44A00AC20FC /* main.cpp */,
				DE2E16961B93E47400AC20FC /* student.cpp */,
				DE2E16971B93E47400AC20FC /* student.h */,
			);
			path = student;
			sourceTree = "<group>";
		};
/* End PBXGroup section */

/* Begin PBXNativeTarget section */
		DE2E168B1B93E44A00AC20FC /* student */ = {
			isa = PBXNativeTarget;
			buildConfigurationList = DE2E16931B93E44A00AC20FC /* Build configuration list for PBXNativeTarget "student" */;
			buildPhases = (
				DE2E16881B93E44A00AC20FC /* Sources */,
				DE2E16891B93E44A00AC20FC /* Frameworks */,
				DE2E168A1B93E44A00AC20FC /* CopyFiles */,
			);
			buildRules = (
			);
			dependencies = (
			);
			name = student;
			productName = student;
			productReference = DE2E168C1B93E44A00AC20FC /* student */;
			productType = "com.apple.product-type.tool";
		};
/* End PBXNativeTarget section */

/* Begin PBXProject section */
		DE2E16841B93E44A00AC20FC /* Project object */ = {
			isa = PBXProject;
			attributes = {
				LastUpgradeCheck = 0640;
				ORGANIZATIONNAME = Zackluckyf;
				TargetAttributes = {
					DE2E168B1B93E44A00AC20FC = {
						CreatedOnToolsVersion = 6.4;
					};
				};
			};
			buildConfigurationList = DE2E16871B93E44A00AC20FC /* Build configuration list for PBXProject "student" */;
			compatibilityVersion = "Xcode 3.2";
			developmentRegion = English;
			hasScannedForEncodings = 0;
			knownRegions = (
				en,
			);
			mainGroup = DE2E16831B93E44A00AC20FC;
			productRefGroup = DE2E168D1B93E44A00AC20FC /* Products */;
			projectDirPath = "";
			projectRoot = "";
			targets = (
				DE2E168B1B93E44A00AC20FC /* student */,
			);
		};
/* End PBXProject section */

/* Begin PBXSourcesBuildPhase section */
		DE2E16881B93E44A00AC20FC /* Sources */ = {
			isa = PBXSourcesBuildPhase;
			buildActionMask = 2147483647;
			files = (
				DE2E16901B93E44A00AC20FC /* main.cpp in Sources */,
				DE2E16981B93E47400AC20FC /* student.cpp in Sources */,
			);
			runOnlyForDeploymentPostprocessing = 0;
		};
/* End PBXSourcesBuildPhase section */

/* Begin XCBuildConfiguration section */
		DE2E16911B93E44A00AC20FC /* Debug */ = {
			isa = XCBuildConfiguration;
			buildSettings = {
				ALWAYS_SEARCH_USER_PATHS = NO;
				CLANG_CXX_LANGUAGE_STANDARD = "gnu++0x";
				CLANG_CXX_LIBRARY = "libc++";
				CLANG_ENABLE_MODULES = YES;
				CLANG_ENABLE_OBJC_ARC = YES;
				CLANG_WARN_BOOL_CONVERSION = YES;
				CLANG_WARN_CONSTANT_CONVERSION = YES;
				CLANG_WARN_DIRECT_OBJC_ISA_USAGE = YES_ERROR;
				CLANG_WARN_EMPTY_BODY = YES;
				CLANG_WARN_ENUM_CONVERSION = YES;
				CLANG_WARN_INT_CONVERSION = YES;
				CLANG_WARN_OBJC_ROOT_CLASS = YES_ERROR;
				CLANG_WARN_UNREACHABLE_CODE = YES;
				CLANG_WARN__DUPLICATE_METHOD_MATCH = YES;
				COPY_PHASE_STRIP = NO;
				DEBUG_INFORMATION_FORMAT = dwarf;
				ENABLE_STRICT_OBJC_MSGSEND = YES;
				GCC_C_LANGUAGE_STANDARD = gnu99;
				GCC_DYNAMIC_NO_PIC = NO;
				GCC_NO_COMMON_BLOCKS = YES;
				GCC_OPTIMIZATION_LEVEL = 0;
				GCC_PREPROCESSOR_DEFINITIONS = (
					"DEBUG=1",
					"$(inherited)",
				);
				GCC_SYMBOLS_PRIVATE_EXTERN = NO;
				GCC_WARN_64_TO_32_BIT_CONVERSION = YES;
				GCC_WARN_ABOUT_RETURN_TYPE = YES_ERROR;
				GCC_WARN_UNDECLARED_SELECTOR = YES;
				GCC_WARN_UNINITIALIZED_AUTOS = YES_AGGRESSIVE;
				GCC_WARN_UNUSED_FUNCTION = YES;
				GCC_WARN_UNUSED_VARIABLE = YES;
				MACOSX_DEPLOYMENT_TARGET = 10.10;
				MTL_ENABLE_DEBUG_INFO = YES;
				ONLY_ACTIVE_ARCH = YES;
				SDKROOT = macosx;
			};
			name = Debug;
		};
		DE2E16921B93E44A00AC20FC /* Release */ = {
			isa = XCBuildConfiguration;
			buildSettings = {
				ALWAYS_SEARCH_USER_PATHS = NO;
				CLANG_CXX_LANGUAGE_STANDARD = "gnu++0x";
				CLANG_CXX_LIBRARY = "libc++";
				CLANG_ENABLE_MODULES = YES;
				CLANG_ENABLE_OBJC_ARC = YES;
				CLANG_WARN_BOOL_CONVERSION = YES;
				CLANG_WARN_CONSTANT_CONVERSION = YES;
				CLANG_WARN_DIRECT_OBJC_ISA_USAGE = YES_ERROR;
				CLANG_WARN_EMPTY_BODY = YES;
				CLANG_WARN_ENUM_CONVERSION = YES;
				CLANG_WARN_INT_CONVERSION = YES;
				CLANG_WARN_OBJC_ROOT_CLASS = YES_ERROR;
				CLANG_WARN_UNREACHABLE_CODE = YES;
				CLANG_WARN__DUPLICATE_METHOD_MATCH = YES;
				COPY_PHASE_STRIP = NO;
				DEBUG_INFORMATION_FORMAT = "dwarf-with-dsym";
				ENABLE_NS_ASSERTIONS = NO;
				ENABLE_STRICT_OBJC_MSGSEND = YES;
				GCC_C_LANGUAGE_STANDARD = gnu99;
				GCC_NO_COMMON_BLOCKS = YES;
				GCC_WARN_64_TO_32_BIT_CONVERSION = YES;
				GCC_WARN_ABOUT_RETURN_TYPE = YES_ERROR;
				GCC_WARN_UNDECLARED_SELECTOR = YES;
				GCC_WARN_UNINITIALIZED_AUTOS = YES_AGGRESSIVE;
				GCC_WARN_UNUSED_FUNCTION = YES;
				GCC_WARN_UNUSED_VARIABLE = YES;
				MACOSX_DEPLOYMENT_TARGET = 10.10;
				MTL_ENABLE_DEBUG_INFO = NO;
				SDKROOT = macosx;
			};
			name = Release;
		};
		DE2E16941B93E44A00AC20FC /* Debug */ = {
			isa = XCBuildConfiguration;
			buildSettings = {
				PRODUCT_NAME = "$(TARGET_NAME)";
			};
			name = Debug;
		};
		DE2E16951B93E44A00AC20FC /* Release */ = {
			isa = XCBuildConfiguration;
			buildSettings = {
				PRODUCT_NAME = "$(TARGET_NAME)";
			};
			name = Release;
		};
/* End XCBuildConfiguration section */

/* Begin XCConfigurationList section */
		DE2E16871B93E44A00AC20FC /* Build configuration list for PBXProject "student" */ = {
			isa = XCConfigurationList;
			buildConfigurations = (
				DE2E16911B93E44A00AC20FC /* Debug */,
				DE2E16921B93E44A00AC20FC /* Release */,
			);
			defaultConfigurationIsVisible = 0;
			defaultConfigurationName = Release;
		};
		DE2E16931B93E44A00AC20FC /* Build configuration list for PBXNativeTarget "student" */ = {
			isa = XCConfigurationList;
			buildConfigurations = (
				DE2E16941B93E44A00AC20FC /* Debug */,
				DE2E16951B93E44A00AC20FC /* Release */,
			);
			defaultConfigurationIsVisible = 0;
		};
/* End XCConfigurationList section */
	};
	rootObject = DE2E16841B93E44A00AC20FC /* Project object */;
}
